
Microsoft Visual Studio Solution File, Format Version 12.00
# Visual Studio Version 17
VisualStudioVersion = 17.4.33213.308
MinimumVisualStudioVersion = 10.0.40219.1
Project("{FAE04EC0-301F-11D3-BF4B-00C04F79EFBC}") = "crypto-trading-sim", "crypto-trading-sim\crypto-trading-sim.csproj", "{9944C040-94A6-451E-9D67-72085F6D63B2}"
EndProject
Global
	GlobalSection(SolutionConfigurationPlatforms) = preSolution
		Debug|Any CPU = Debug|Any CPU
		Release|Any CPU = Release|Any CPU
	EndGlobalSection
	GlobalSection(ProjectConfigurationPlatforms) = postSolution
		{9944C040-94A6-451E-9D67-72085F6D63B2}.Debug|Any CPU.ActiveCfg = Debug|Any CPU
		{9944C040-94A6-451E-9D67-72085F6D63B2}.Debug|Any CPU.Build.0 = Debug|Any CPU
		{9944C040-94A6-451E-9D67-72085F6D63B2}.Release|Any CPU.ActiveCfg = Release|Any CPU
		{9944C040-94A6-451E-9D67-72085F6D63B2}.Release|Any CPU.Build.0 = Release|Any CPU
	EndGlobalSection
	GlobalSection(SolutionProperties) = preSolution
		HideSolutionNode = FALSE
	EndGlobalSection
	GlobalSection(ExtensibilityGlobals) = postSolution
		SolutionGuid = {39020C02-0DE2-4D5C-BFCA-E95F9DB17D41}
	EndGlobalSection
EndGlobal
